
Microsoft Visual Studio Solution File, Format Version 12.00
# Visual Studio Version 16
VisualStudioVersion = 16.0.30011.22
MinimumVisualStudioVersion = 10.0.40219.1
Project("{FAE04EC0-301F-11D3-BF4B-00C04F79EFBC}") = "Battleship.Server", "Battleship.Server\Battleship.Server.csproj", "{2CE739BF-D59E-4F19-A82A-AB5D176B4553}"
EndProject
Global
	GlobalSection(SolutionConfigurationPlatforms) = preSolution
		Debug|Any CPU = Debug|Any CPU
		Release|Any CPU = Release|Any CPU
	EndGlobalSection
	GlobalSection(ProjectConfigurationPlatforms) = postSolution
		{2CE739BF-D59E-4F19-A82A-AB5D176B4553}.Debug|Any CPU.ActiveCfg = Debug|Any CPU
		{2CE739BF-D59E-4F19-A82A-AB5D176B4553}.Debug|Any CPU.Build.0 = Debug|Any CPU
		{2CE739BF-D59E-4F19-A82A-AB5D176B4553}.Release|Any CPU.ActiveCfg = Release|Any CPU
		{2CE739BF-D59E-4F19-A82A-AB5D176B4553}.Release|Any CPU.Build.0 = Release|Any CPU
	EndGlobalSection
	GlobalSection(SolutionProperties) = preSolution
		HideSolutionNode = FALSE
	EndGlobalSection
	GlobalSection(ExtensibilityGlobals) = postSolution
		SolutionGuid = {AA87470E-38D5-432F-B6C4-8F482398E898}
	EndGlobalSection
EndGlobal
